
Microsoft Visual Studio Solution File, Format Version 12.00
# Visual Studio Version 17
VisualStudioVersion = 17.2.32630.192
MinimumVisualStudioVersion = 10.0.40219.1
Project("{FAE04EC0-301F-11D3-BF4B-00C04F79EFBC}") = "TaskBoardApp", "TaskBoardApp\TaskBoardApp.csproj", "{1D43259B-9D2E-46B2-9BA9-76EF917895B2}"
EndProject
Global
	GlobalSection(SolutionConfigurationPlatforms) = preSolution
		Debug|Any CPU = Debug|Any CPU
		Release|Any CPU = Release|Any CPU
	EndGlobalSection
	GlobalSection(ProjectConfigurationPlatforms) = postSolution
		{1D43259B-9D2E-46B2-9BA9-76EF917895B2}.Debug|Any CPU.ActiveCfg = Debug|Any CPU
		{1D43259B-9D2E-46B2-9BA9-76EF917895B2}.Debug|Any CPU.Build.0 = Debug|Any CPU
		{1D43259B-9D2E-46B2-9BA9-76EF917895B2}.Release|Any CPU.ActiveCfg = Release|Any CPU
		{1D43259B-9D2E-46B2-9BA9-76EF917895B2}.Release|Any CPU.Build.0 = Release|Any CPU
	EndGlobalSection
	GlobalSection(SolutionProperties) = preSolution
		HideSolutionNode = FALSE
	EndGlobalSection
	GlobalSection(ExtensibilityGlobals) = postSolution
		SolutionGuid = {84BAEC69-6095-4394-ACA8-1889C2D54543}
	EndGlobalSection
EndGlobal
